
Microsoft Visual Studio Solution File, Format Version 12.00
# Visual Studio Version 16
VisualStudioVersion = 16.0.29020.237
MinimumVisualStudioVersion = 10.0.40219.1
Project("{FAE04EC0-301F-11D3-BF4B-00C04F79EFBC}") = "TinyMCETelLinkPlugin", "TinyMCETelLinkPlugin\TinyMCETelLinkPlugin.csproj", "{FFA30BD3-3BB9-4C7C-9E91-6D92CC9A76D8}"
EndProject
Global
	GlobalSection(SolutionConfigurationPlatforms) = preSolution
		Debug|Any CPU = Debug|Any CPU
		Release|Any CPU = Release|Any CPU
	EndGlobalSection
	GlobalSection(ProjectConfigurationPlatforms) = postSolution
		{FFA30BD3-3BB9-4C7C-9E91-6D92CC9A76D8}.Debug|Any CPU.ActiveCfg = Debug|Any CPU
		{FFA30BD3-3BB9-4C7C-9E91-6D92CC9A76D8}.Debug|Any CPU.Build.0 = Debug|Any CPU
		{FFA30BD3-3BB9-4C7C-9E91-6D92CC9A76D8}.Release|Any CPU.ActiveCfg = Release|Any CPU
		{FFA30BD3-3BB9-4C7C-9E91-6D92CC9A76D8}.Release|Any CPU.Build.0 = Release|Any CPU
	EndGlobalSection
	GlobalSection(SolutionProperties) = preSolution
		HideSolutionNode = FALSE
	EndGlobalSection
	GlobalSection(ExtensibilityGlobals) = postSolution
		SolutionGuid = {D0D40A6C-62FC-4A57-B40E-23664A1935B3}
	EndGlobalSection
EndGlobal
